
Microsoft Visual Studio Solution File, Format Version 12.00
# Visual Studio Version 17
VisualStudioVersion = 17.0.31903.59
MinimumVisualStudioVersion = 10.0.40219.1
Project("{FAE04EC0-301F-11D3-BF4B-00C04F79EFBC}") = "DorkNet.Server", "DorkNet.Server\DorkNet.Server.csproj", "{7DC352E8-24BD-4D84-A4D3-66C0FA1A91F7}"
EndProject
Project("{FAE04EC0-301F-11D3-BF4B-00C04F79EFBC}") = "DorkNet.Models", "DorkNet.Models\DorkNet.Models.csproj", "{8A1F0C3A-5763-4176-B33E-F4EA89BAF999}"
EndProject
Project("{2150E333-8FDC-42A3-9474-1A3956D46DE8}") = "Tools", "Tools", "{07C2787E-EAC7-C090-1BA3-A61EC2A24D84}"
EndProject
Project("{FAE04EC0-301F-11D3-BF4B-00C04F79EFBC}") = "MigrateSqliteToPostgres", "Tools\MigrateSqliteToPostgres\MigrateSqliteToPostgres.csproj", "{70C60098-1B11-4C13-943B-A8A056429EAE}"
EndProject
Project("{FAE04EC0-301F-11D3-BF4B-00C04F79EFBC}") = "DorkNet.AdminMobile", "DorkNet.AdminMobile\DorkNet.AdminMobile.csproj", "{C2265F00-DFC5-4352-A94C-B887E3C0E5CA}"
EndProject
Project("{FAE04EC0-301F-11D3-BF4B-00C04F79EFBC}") = "DorkNet.Contracts", "DorkNet.Contracts\DorkNet.Contracts.csproj", "{7D9E995E-5333-43B2-848B-3522C6C3D893}"
EndProject
Project("{FAE04EC0-301F-11D3-BF4B-00C04F79EFBC}") = "DorkNet.ServiceDefaults", "DorkNet.ServiceDefaults\DorkNet.ServiceDefaults.csproj", "{0A66087B-37DF-401D-AFAC-01E7324C2460}"
EndProject
Project("{FAE04EC0-301F-11D3-BF4B-00C04F79EFBC}") = "DorkNet.Gateway", "DorkNet.Gateway\DorkNet.Gateway.csproj", "{1A7D03D5-DAC5-474C-9A21-8F2EEF82396F}"
EndProject
Project("{FAE04EC0-301F-11D3-BF4B-00C04F79EFBC}") = "DorkNet.Services.Identity", "DorkNet.Services.Identity\DorkNet.Services.Identity.csproj", "{E85B21BA-ED08-4CED-ADB5-6B5E5ADEEBD1}"
EndProject
Project("{FAE04EC0-301F-11D3-BF4B-00C04F79EFBC}") = "DorkNet.Services.Rooms", "DorkNet.Services.Rooms\DorkNet.Services.Rooms.csproj", "{3F01BA71-BD1E-461B-BCD0-F2E9CC92B640}"
EndProject
Project("{FAE04EC0-301F-11D3-BF4B-00C04F79EFBC}") = "DorkNet.Services.Notify", "DorkNet.Services.Notify\DorkNet.Services.Notify.csproj", "{5A6D7277-0974-4F12-AD9D-C705F5CFE19C}"
EndProject
Global
	GlobalSection(SolutionConfigurationPlatforms) = preSolution
		Debug|Any CPU = Debug|Any CPU
		Debug|x64 = Debug|x64
		Debug|x86 = Debug|x86
		Release|Any CPU = Release|Any CPU
		Release|x64 = Release|x64
		Release|x86 = Release|x86
	EndGlobalSection
	GlobalSection(ProjectConfigurationPlatforms) = postSolution
		{7DC352E8-24BD-4D84-A4D3-66C0FA1A91F7}.Debug|Any CPU.ActiveCfg = Debug|Any CPU
		{7DC352E8-24BD-4D84-A4D3-66C0FA1A91F7}.Debug|Any CPU.Build.0 = Debug|Any CPU
		{7DC352E8-24BD-4D84-A4D3-66C0FA1A91F7}.Debug|x64.ActiveCfg = Debug|Any CPU
		{7DC352E8-24BD-4D84-A4D3-66C0FA1A91F7}.Debug|x64.Build.0 = Debug|Any CPU
		{7DC352E8-24BD-4D84-A4D3-66C0FA1A91F7}.Debug|x86.ActiveCfg = Debug|Any CPU
		{7DC352E8-24BD-4D84-A4D3-66C0FA1A91F7}.Debug|x86.Build.0 = Debug|Any CPU
		{7DC352E8-24BD-4D84-A4D3-66C0FA1A91F7}.Release|Any CPU.ActiveCfg = Release|Any CPU
		{7DC352E8-24BD-4D84-A4D3-66C0FA1A91F7}.Release|Any CPU.Build.0 = Release|Any CPU
		{7DC352E8-24BD-4D84-A4D3-66C0FA1A91F7}.Release|x64.ActiveCfg = Release|Any CPU
		{7DC352E8-24BD-4D84-A4D3-66C0FA1A91F7}.Release|x64.Build.0 = Release|Any CPU
		{7DC352E8-24BD-4D84-A4D3-66C0FA1A91F7}.Release|x86.ActiveCfg = Release|Any CPU
		{7DC352E8-24BD-4D84-A4D3-66C0FA1A91F7}.Release|x86.Build.0 = Release|Any CPU
		{8A1F0C3A-5763-4176-B33E-F4EA89BAF999}.Debug|Any CPU.ActiveCfg = Debug|Any CPU
		{8A1F0C3A-5763-4176-B33E-F4EA89BAF999}.Debug|Any CPU.Build.0 = Debug|Any CPU
		{8A1F0C3A-5763-4176-B33E-F4EA89BAF999}.Debug|x64.ActiveCfg = Debug|Any CPU
		{8A1F0C3A-5763-4176-B33E-F4EA89BAF999}.Debug|x64.Build.0 = Debug|Any CPU
		{8A1F0C3A-5763-4176-B33E-F4EA89BAF999}.Debug|x86.ActiveCfg = Debug|Any CPU
		{8A1F0C3A-5763-4176-B33E-F4EA89BAF999}.Debug|x86.Build.0 = Debug|Any CPU
		{8A1F0C3A-5763-4176-B33E-F4EA89BAF999}.Release|Any CPU.ActiveCfg = Release|Any CPU
		{8A1F0C3A-5763-4176-B33E-F4EA89BAF999}.Release|Any CPU.Build.0 = Release|Any CPU
		{8A1F0C3A-5763-4176-B33E-F4EA89BAF999}.Release|x64.ActiveCfg = Release|Any CPU
		{8A1F0C3A-5763-4176-B33E-F4EA89BAF999}.Release|x64.Build.0 = Release|Any CPU
		{8A1F0C3A-5763-4176-B33E-F4EA89BAF999}.Release|x86.ActiveCfg = Release|Any CPU
		{8A1F0C3A-5763-4176-B33E-F4EA89BAF999}.Release|x86.Build.0 = Release|Any CPU
		{70C60098-1B11-4C13-943B-A8A056429EAE}.Debug|Any CPU.ActiveCfg = Debug|Any CPU
		{70C60098-1B11-4C13-943B-A8A056429EAE}.Debug|Any CPU.Build.0 = Debug|Any CPU
		{70C60098-1B11-4C13-943B-A8A056429EAE}.Debug|x64.ActiveCfg = Debug|Any CPU
		{70C60098-1B11-4C13-943B-A8A056429EAE}.Debug|x64.Build.0 = Debug|Any CPU
		{70C60098-1B11-4C13-943B-A8A056429EAE}.Debug|x86.ActiveCfg = Debug|Any CPU
		{70C60098-1B11-4C13-943B-A8A056429EAE}.Debug|x86.Build.0 = Debug|Any CPU
		{70C60098-1B11-4C13-943B-A8A056429EAE}.Release|Any CPU.ActiveCfg = Release|Any CPU
		{70C60098-1B11-4C13-943B-A8A056429EAE}.Release|Any CPU.Build.0 = Release|Any CPU
		{70C60098-1B11-4C13-943B-A8A056429EAE}.Release|x64.ActiveCfg = Release|Any CPU
		{70C60098-1B11-4C13-943B-A8A056429EAE}.Release|x64.Build.0 = Release|Any CPU
		{70C60098-1B11-4C13-943B-A8A056429EAE}.Release|x86.ActiveCfg = Release|Any CPU
		{70C60098-1B11-4C13-943B-A8A056429EAE}.Release|x86.Build.0 = Release|Any CPU
		{C2265F00-DFC5-4352-A94C-B887E3C0E5CA}.Debug|Any CPU.ActiveCfg = Debug|Any CPU
		{C2265F00-DFC5-4352-A94C-B887E3C0E5CA}.Debug|Any CPU.Build.0 = Debug|Any CPU
		{C2265F00-DFC5-4352-A94C-B887E3C0E5CA}.Debug|x64.ActiveCfg = Debug|Any CPU
		{C2265F00-DFC5-4352-A94C-B887E3C0E5CA}.Debug|x64.Build.0 = Debug|Any CPU
		{C2265F00-DFC5-4352-A94C-B887E3C0E5CA}.Debug|x86.ActiveCfg = Debug|Any CPU
		{C2265F00-DFC5-4352-A94C-B887E3C0E5CA}.Debug|x86.Build.0 = Debug|Any CPU
		{C2265F00-DFC5-4352-A94C-B887E3C0E5CA}.Release|Any CPU.ActiveCfg = Release|Any CPU
		{C2265F00-DFC5-4352-A94C-B887E3C0E5CA}.Release|Any CPU.Build.0 = Release|Any CPU
		{C2265F00-DFC5-4352-A94C-B887E3C0E5CA}.Release|x64.ActiveCfg = Release|Any CPU
		{C2265F00-DFC5-4352-A94C-B887E3C0E5CA}.Release|x64.Build.0 = Release|Any CPU
		{C2265F00-DFC5-4352-A94C-B887E3C0E5CA}.Release|x86.ActiveCfg = Release|Any CPU
		{C2265F00-DFC5-4352-A94C-B887E3C0E5CA}.Release|x86.Build.0 = Release|Any CPU
		{7D9E995E-5333-43B2-848B-3522C6C3D893}.Debug|Any CPU.ActiveCfg = Debug|Any CPU
		{7D9E995E-5333-43B2-848B-3522C6C3D893}.Debug|Any CPU.Build.0 = Debug|Any CPU
		{7D9E995E-5333-43B2-848B-3522C6C3D893}.Debug|x64.ActiveCfg = Debug|Any CPU
		{7D9E995E-5333-43B2-848B-3522C6C3D893}.Debug|x64.Build.0 = Debug|Any CPU
		{7D9E995E-5333-43B2-848B-3522C6C3D893}.Debug|x86.ActiveCfg = Debug|Any CPU
		{7D9E995E-5333-43B2-848B-3522C6C3D893}.Debug|x86.Build.0 = Debug|Any CPU
		{7D9E995E-5333-43B2-848B-3522C6C3D893}.Release|Any CPU.ActiveCfg = Release|Any CPU
		{7D9E995E-5333-43B2-848B-3522C6C3D893}.Release|Any CPU.Build.0 = Release|Any CPU
		{7D9E995E-5333-43B2-848B-3522C6C3D893}.Release|x64.ActiveCfg = Release|Any CPU
		{7D9E995E-5333-43B2-848B-3522C6C3D893}.Release|x64.Build.0 = Release|Any CPU
		{7D9E995E-5333-43B2-848B-3522C6C3D893}.Release|x86.ActiveCfg = Release|Any CPU
		{7D9E995E-5333-43B2-848B-3522C6C3D893}.Release|x86.Build.0 = Release|Any CPU
		{0A66087B-37DF-401D-AFAC-01E7324C2460}.Debug|Any CPU.ActiveCfg = Debug|Any CPU
		{0A66087B-37DF-401D-AFAC-01E7324C2460}.Debug|Any CPU.Build.0 = Debug|Any CPU
		{0A66087B-37DF-401D-AFAC-01E7324C2460}.Debug|x64.ActiveCfg = Debug|Any CPU
		{0A66087B-37DF-401D-AFAC-01E7324C2460}.Debug|x64.Build.0 = Debug|Any CPU
		{0A66087B-37DF-401D-AFAC-01E7324C2460}.Debug|x86.ActiveCfg = Debug|Any CPU
		{0A66087B-37DF-401D-AFAC-01E7324C2460}.Debug|x86.Build.0 = Debug|Any CPU
		{0A66087B-37DF-401D-AFAC-01E7324C2460}.Release|Any CPU.ActiveCfg = Release|Any CPU
		{0A66087B-37DF-401D-AFAC-01E7324C2460}.Release|Any CPU.Build.0 = Release|Any CPU
		{0A66087B-37DF-401D-AFAC-01E7324C2460}.Release|x64.ActiveCfg = Release|Any CPU
		{0A66087B-37DF-401D-AFAC-01E7324C2460}.Release|x64.Build.0 = Release|Any CPU
		{0A66087B-37DF-401D-AFAC-01E7324C2460}.Release|x86.ActiveCfg = Release|Any CPU
		{0A66087B-37DF-401D-AFAC-01E7324C2460}.Release|x86.Build.0 = Release|Any CPU
		{1A7D03D5-DAC5-474C-9A21-8F2EEF82396F}.Debug|Any CPU.ActiveCfg = Debug|Any CPU
		{1A7D03D5-DAC5-474C-9A21-8F2EEF82396F}.Debug|Any CPU.Build.0 = Debug|Any CPU
		{1A7D03D5-DAC5-474C-9A21-8F2EEF82396F}.Debug|x64.ActiveCfg = Debug|Any CPU
		{1A7D03D5-DAC5-474C-9A21-8F2EEF82396F}.Debug|x64.Build.0 = Debug|Any CPU
		{1A7D03D5-DAC5-474C-9A21-8F2EEF82396F}.Debug|x86.ActiveCfg = Debug|Any CPU
		{1A7D03D5-DAC5-474C-9A21-8F2EEF82396F}.Debug|x86.Build.0 = Debug|Any CPU
		{1A7D03D5-DAC5-474C-9A21-8F2EEF82396F}.Release|Any CPU.ActiveCfg = Release|Any CPU
		{1A7D03D5-DAC5-474C-9A21-8F2EEF82396F}.Release|Any CPU.Build.0 = Release|Any CPU
		{1A7D03D5-DAC5-474C-9A21-8F2EEF82396F}.Release|x64.ActiveCfg = Release|Any CPU
		{1A7D03D5-DAC5-474C-9A21-8F2EEF82396F}.Release|x64.Build.0 = Release|Any CPU
		{1A7D03D5-DAC5-474C-9A21-8F2EEF82396F}.Release|x86.ActiveCfg = Release|Any CPU
		{1A7D03D5-DAC5-474C-9A21-8F2EEF82396F}.Release|x86.Build.0 = Release|Any CPU
		{E85B21BA-ED08-4CED-ADB5-6B5E5ADEEBD1}.Debug|Any CPU.ActiveCfg = Debug|Any CPU
		{E85B21BA-ED08-4CED-ADB5-6B5E5ADEEBD1}.Debug|Any CPU.Build.0 = Debug|Any CPU
		{E85B21BA-ED08-4CED-ADB5-6B5E5ADEEBD1}.Debug|x64.ActiveCfg = Debug|Any CPU
		{E85B21BA-ED08-4CED-ADB5-6B5E5ADEEBD1}.Debug|x64.Build.0 = Debug|Any CPU
		{E85B21BA-ED08-4CED-ADB5-6B5E5ADEEBD1}.Debug|x86.ActiveCfg = Debug|Any CPU
		{E85B21BA-ED08-4CED-ADB5-6B5E5ADEEBD1}.Debug|x86.Build.0 = Debug|Any CPU
		{E85B21BA-ED08-4CED-ADB5-6B5E5ADEEBD1}.Release|Any CPU.ActiveCfg = Release|Any CPU
		{E85B21BA-ED08-4CED-ADB5-6B5E5ADEEBD1}.Release|Any CPU.Build.0 = Release|Any CPU
		{E85B21BA-ED08-4CED-ADB5-6B5E5ADEEBD1}.Release|x64.ActiveCfg = Release|Any CPU
		{E85B21BA-ED08-4CED-ADB5-6B5E5ADEEBD1}.Release|x64.Build.0 = Release|Any CPU
		{E85B21BA-ED08-4CED-ADB5-6B5E5ADEEBD1}.Release|x86.ActiveCfg = Release|Any CPU
		{E85B21BA-ED08-4CED-ADB5-6B5E5ADEEBD1}.Release|x86.Build.0 = Release|Any CPU
		{3F01BA71-BD1E-461B-BCD0-F2E9CC92B640}.Debug|Any CPU.ActiveCfg = Debug|Any CPU
		{3F01BA71-BD1E-461B-BCD0-F2E9CC92B640}.Debug|Any CPU.Build.0 = Debug|Any CPU
		{3F01BA71-BD1E-461B-BCD0-F2E9CC92B640}.Debug|x64.ActiveCfg = Debug|Any CPU
		{3F01BA71-BD1E-461B-BCD0-F2E9CC92B640}.Debug|x64.Build.0 = Debug|Any CPU
		{3F01BA71-BD1E-461B-BCD0-F2E9CC92B640}.Debug|x86.ActiveCfg = Debug|Any CPU
		{3F01BA71-BD1E-461B-BCD0-F2E9CC92B640}.Debug|x86.Build.0 = Debug|Any CPU
		{3F01BA71-BD1E-461B-BCD0-F2E9CC92B640}.Release|Any CPU.ActiveCfg = Release|Any CPU
		{3F01BA71-BD1E-461B-BCD0-F2E9CC92B640}.Release|Any CPU.Build.0 = Release|Any CPU
		{3F01BA71-BD1E-461B-BCD0-F2E9CC92B640}.Release|x64.ActiveCfg = Release|Any CPU
		{3F01BA71-BD1E-461B-BCD0-F2E9CC92B640}.Release|x64.Build.0 = Release|Any CPU
		{3F01BA71-BD1E-461B-BCD0-F2E9CC92B640}.Release|x86.ActiveCfg = Release|Any CPU
		{3F01BA71-BD1E-461B-BCD0-F2E9CC92B640}.Release|x86.Build.0 = Release|Any CPU
		{5A6D7277-0974-4F12-AD9D-C705F5CFE19C}.Debug|Any CPU.ActiveCfg = Debug|Any CPU
		{5A6D7277-0974-4F12-AD9D-C705F5CFE19C}.Debug|Any CPU.Build.0 = Debug|Any CPU
		{5A6D7277-0974-4F12-AD9D-C705F5CFE19C}.Debug|x64.ActiveCfg = Debug|Any CPU
		{5A6D7277-0974-4F12-AD9D-C705F5CFE19C}.Debug|x64.Build.0 = Debug|Any CPU
		{5A6D7277-0974-4F12-AD9D-C705F5CFE19C}.Debug|x86.ActiveCfg = Debug|Any CPU
		{5A6D7277-0974-4F12-AD9D-C705F5CFE19C}.Debug|x86.Build.0 = Debug|Any CPU
		{5A6D7277-0974-4F12-AD9D-C705F5CFE19C}.Release|Any CPU.ActiveCfg = Release|Any CPU
		{5A6D7277-0974-4F12-AD9D-C705F5CFE19C}.Release|Any CPU.Build.0 = Release|Any CPU
		{5A6D7277-0974-4F12-AD9D-C705F5CFE19C}.Release|x64.ActiveCfg = Release|Any CPU
		{5A6D7277-0974-4F12-AD9D-C705F5CFE19C}.Release|x64.Build.0 = Release|Any CPU
		{5A6D7277-0974-4F12-AD9D-C705F5CFE19C}.Release|x86.ActiveCfg = Release|Any CPU
		{5A6D7277-0974-4F12-AD9D-C705F5CFE19C}.Release|x86.Build.0 = Release|Any CPU
	EndGlobalSection
	GlobalSection(SolutionProperties) = preSolution
		HideSolutionNode = FALSE
	EndGlobalSection
	GlobalSection(NestedProjects) = preSolution
		{70C60098-1B11-4C13-943B-A8A056429EAE} = {07C2787E-EAC7-C090-1BA3-A61EC2A24D84}
	EndGlobalSection
EndGlobal
